{
  "nodes": {
    "fenix": {
      "inputs": {
        "nixpkgs": "nixpkgs",
        "rust-analyzer-src": "rust-analyzer-src"
      },
      "locked": {
        "lastModified": 1719210510,
        "narHash": "sha256-k2UzQJoYURRxcSZxseB6ZX/cdr0K4svGDBZiE9FkaYs=",
        "owner": "nix-community",
        "repo": "fenix",
        "rev": "57a65e7ae468a2d53f645afdd84fcc3f1c63a5d7",
        "type": "github"
      },
      "original": {
        "id": "fenix",
        "type": "indirect"
      }
    },
    "nixpkgs": {
      "locked": {
        "lastModified": 1719075281,
        "narHash": "sha256-CyyxvOwFf12I91PBWz43iGT1kjsf5oi6ax7CrvaMyAo=",
        "owner": "nixos",
        "repo": "nixpkgs",
        "rev": "a71e967ef3694799d0c418c98332f7ff4cc5f6af",
        "type": "github"
      },
      "original": {
        "owner": "nixos",
        "ref": "nixos-unstable",
        "repo": "nixpkgs",
        "type": "github"
      }
    },
    "nixpkgs_2": {
      "locked": {
        "lastModified": 1719075281,
        "narHash": "sha256-CyyxvOwFf12I91PBWz43iGT1kjsf5oi6ax7CrvaMyAo=",
        "owner": "NixOS",
        "repo": "nixpkgs",
        "rev": "a71e967ef3694799d0c418c98332f7ff4cc5f6af",
        "type": "github"
      },
      "original": {
        "owner": "NixOS",
        "ref": "nixos-unstable",
        "repo": "nixpkgs",
        "type": "github"
      }
    },
    "root": {
      "inputs": {
        "fenix": "fenix",
        "nixpkgs": "nixpkgs_2"
      }
    },
    "rust-analyzer-src": {
      "flake": false,
      "locked": {
        "lastModified": 1719057472,
        "narHash": "sha256-jzZRTQjXhiwEdzo/SlxP72BUa7g0LVr7MEsaR7A/geg=",
        "owner": "rust-lang",
        "repo": "rust-analyzer",
        "rev": "2fd803cc13dc11aeacaa6474e3f803988a7bfe1a",
        "type": "github"
      },
      "original": {
        "owner": "rust-lang",
        "ref": "nightly",
        "repo": "rust-analyzer",
        "type": "github"
      }
    }
  },
  "root": "root",
  "version": 7
}
